
Microsoft Visual Studio Solution File, Format Version 12.00
# Visual Studio 14
VisualStudioVersion = 14.0.25420.1
MinimumVisualStudioVersion = 10.0.40219.1
Project("{8BC9CEB8-8B4A-11D0-8D11-00A0C91BC942}") = "Polygon", "Polygon\Polygon.vcxproj", "{3C2FA8A7-4F10-428F-9B31-90640E4D7DC5}"
EndProject
Project("{8BC9CEB8-8B4A-11D0-8D11-00A0C91BC942}") = "Improved simple sorting", "Improved simple sorting\Improved simple sorting.vcxproj", "{DFF15B9E-7281-4BE8-9E91-518522E35F45}"
EndProject
Project("{8BC9CEB8-8B4A-11D0-8D11-00A0C91BC942}") = "Bubble sort", "Bubble sort\Bubble sort.vcxproj", "{DBD1A357-C2AB-4BE4-9EF8-46A9CC8995E3}"
EndProject
Global
	GlobalSection(SolutionConfigurationPlatforms) = preSolution
		Debug|x64 = Debug|x64
		Debug|x86 = Debug|x86
		Release|x64 = Release|x64
		Release|x86 = Release|x86
	EndGlobalSection
	GlobalSection(ProjectConfigurationPlatforms) = postSolution
		{3C2FA8A7-4F10-428F-9B31-90640E4D7DC5}.Debug|x64.ActiveCfg = Debug|x64
		{3C2FA8A7-4F10-428F-9B31-90640E4D7DC5}.Debug|x64.Build.0 = Debug|x64
		{3C2FA8A7-4F10-428F-9B31-90640E4D7DC5}.Debug|x86.ActiveCfg = Debug|Win32
		{3C2FA8A7-4F10-428F-9B31-90640E4D7DC5}.Debug|x86.Build.0 = Debug|Win32
		{3C2FA8A7-4F10-428F-9B31-90640E4D7DC5}.Release|x64.ActiveCfg = Release|x64
		{3C2FA8A7-4F10-428F-9B31-90640E4D7DC5}.Release|x64.Build.0 = Release|x64
		{3C2FA8A7-4F10-428F-9B31-90640E4D7DC5}.Release|x86.ActiveCfg = Release|Win32
		{3C2FA8A7-4F10-428F-9B31-90640E4D7DC5}.Release|x86.Build.0 = Release|Win32
		{DFF15B9E-7281-4BE8-9E91-518522E35F45}.Debug|x64.ActiveCfg = Debug|x64
		{DFF15B9E-7281-4BE8-9E91-518522E35F45}.Debug|x64.Build.0 = Debug|x64
		{DFF15B9E-7281-4BE8-9E91-518522E35F45}.Debug|x86.ActiveCfg = Debug|Win32
		{DFF15B9E-7281-4BE8-9E91-518522E35F45}.Debug|x86.Build.0 = Debug|Win32
		{DFF15B9E-7281-4BE8-9E91-518522E35F45}.Release|x64.ActiveCfg = Release|x64
		{DFF15B9E-7281-4BE8-9E91-518522E35F45}.Release|x64.Build.0 = Release|x64
		{DFF15B9E-7281-4BE8-9E91-518522E35F45}.Release|x86.ActiveCfg = Release|Win32
		{DFF15B9E-7281-4BE8-9E91-518522E35F45}.Release|x86.Build.0 = Release|Win32
		{DBD1A357-C2AB-4BE4-9EF8-46A9CC8995E3}.Debug|x64.ActiveCfg = Debug|x64
		{DBD1A357-C2AB-4BE4-9EF8-46A9CC8995E3}.Debug|x64.Build.0 = Debug|x64
		{DBD1A357-C2AB-4BE4-9EF8-46A9CC8995E3}.Debug|x86.ActiveCfg = Debug|Win32
		{DBD1A357-C2AB-4BE4-9EF8-46A9CC8995E3}.Debug|x86.Build.0 = Debug|Win32
		{DBD1A357-C2AB-4BE4-9EF8-46A9CC8995E3}.Release|x64.ActiveCfg = Release|x64
		{DBD1A357-C2AB-4BE4-9EF8-46A9CC8995E3}.Release|x64.Build.0 = Release|x64
		{DBD1A357-C2AB-4BE4-9EF8-46A9CC8995E3}.Release|x86.ActiveCfg = Release|Win32
		{DBD1A357-C2AB-4BE4-9EF8-46A9CC8995E3}.Release|x86.Build.0 = Release|Win32
	EndGlobalSection
	GlobalSection(SolutionProperties) = preSolution
		HideSolutionNode = FALSE
	EndGlobalSection
EndGlobal
